{
  "name": "wx_city_activity",
  "version": "1.0.0",
  "lockfileVersion": 1,
  "requires": true,
  "dependencies": {
    "coolui-scroller": {
      "version": "2.0.2",
      "resolved": "https://registry.npmjs.org/coolui-scroller/-/coolui-scroller-2.0.2.tgz",
      "integrity": "sha512-algpWZsPkuFh9K54rFlYOicPe1C8XnZ2ZIHNCCN0ttFIybzkxvJ+SPq+KAzOxLHM7MlBU1Aq72yvINyj+0oc5w=="
    },
    "weui-miniprogram": {
      "version": "1.0.8",
      "resolved": "https://registry.npmjs.org/weui-miniprogram/-/weui-miniprogram-1.0.8.tgz",
      "integrity": "sha512-fm9Hi/3s2Imp2xufuxBcbzYxIcrVt0gPMIdjHfuIFA0Fxiukztc+c2nyFspmkI9YkrdHM1o2h6qsStdK+wFhWQ=="
    }
  }
}
